
Microsoft Visual Studio Solution File, Format Version 12.00
# Visual Studio Version 17
VisualStudioVersion = 17.14.36915.13 d17.14
MinimumVisualStudioVersion = 10.0.40219.1
Project("{FAE04EC0-301F-11D3-BF4B-00C04F79EFBC}") = "Animais", "Animais\Animais.csproj", "{EC730699-B181-4671-A33A-8DF96D848DC4}"
EndProject
Global
	GlobalSection(SolutionConfigurationPlatforms) = preSolution
		Debug|Any CPU = Debug|Any CPU
		Release|Any CPU = Release|Any CPU
	EndGlobalSection
	GlobalSection(ProjectConfigurationPlatforms) = postSolution
		{EC730699-B181-4671-A33A-8DF96D848DC4}.Debug|Any CPU.ActiveCfg = Debug|Any CPU
		{EC730699-B181-4671-A33A-8DF96D848DC4}.Debug|Any CPU.Build.0 = Debug|Any CPU
		{EC730699-B181-4671-A33A-8DF96D848DC4}.Release|Any CPU.ActiveCfg = Release|Any CPU
		{EC730699-B181-4671-A33A-8DF96D848DC4}.Release|Any CPU.Build.0 = Release|Any CPU
	EndGlobalSection
	GlobalSection(SolutionProperties) = preSolution
		HideSolutionNode = FALSE
	EndGlobalSection
	GlobalSection(ExtensibilityGlobals) = postSolution
		SolutionGuid = {2A1AE723-DD13-4515-BC8B-BF2314351760}
	EndGlobalSection
EndGlobal
