
Microsoft Visual Studio Solution File, Format Version 12.00
# Visual Studio Version 17
VisualStudioVersion = 17.14.36915.13 d17.14
MinimumVisualStudioVersion = 10.0.40219.1
Project("{FAE04EC0-301F-11D3-BF4B-00C04F79EFBC}") = "VarETipoExplicito", "VarETipoExplicito\VarETipoExplicito.csproj", "{EBC6B8FD-C51B-499D-A461-997FBB07E77A}"
EndProject
Global
	GlobalSection(SolutionConfigurationPlatforms) = preSolution
		Debug|Any CPU = Debug|Any CPU
		Release|Any CPU = Release|Any CPU
	EndGlobalSection
	GlobalSection(ProjectConfigurationPlatforms) = postSolution
		{EBC6B8FD-C51B-499D-A461-997FBB07E77A}.Debug|Any CPU.ActiveCfg = Debug|Any CPU
		{EBC6B8FD-C51B-499D-A461-997FBB07E77A}.Debug|Any CPU.Build.0 = Debug|Any CPU
		{EBC6B8FD-C51B-499D-A461-997FBB07E77A}.Release|Any CPU.ActiveCfg = Release|Any CPU
		{EBC6B8FD-C51B-499D-A461-997FBB07E77A}.Release|Any CPU.Build.0 = Release|Any CPU
	EndGlobalSection
	GlobalSection(SolutionProperties) = preSolution
		HideSolutionNode = FALSE
	EndGlobalSection
	GlobalSection(ExtensibilityGlobals) = postSolution
		SolutionGuid = {4D6E7237-F32E-4B84-8829-D65D1B979B05}
	EndGlobalSection
EndGlobal
