
Microsoft Visual Studio Solution File, Format Version 12.00
# Visual Studio Version 17
VisualStudioVersion = 17.14.36915.13 d17.14
MinimumVisualStudioVersion = 10.0.40219.1
Project("{FAE04EC0-301F-11D3-BF4B-00C04F79EFBC}") = "InterfacePagamento", "InterfacePagamento\InterfacePagamento.csproj", "{B2D7AC6A-50B0-4EB8-935A-6CA633182049}"
EndProject
Global
	GlobalSection(SolutionConfigurationPlatforms) = preSolution
		Debug|Any CPU = Debug|Any CPU
		Release|Any CPU = Release|Any CPU
	EndGlobalSection
	GlobalSection(ProjectConfigurationPlatforms) = postSolution
		{B2D7AC6A-50B0-4EB8-935A-6CA633182049}.Debug|Any CPU.ActiveCfg = Debug|Any CPU
		{B2D7AC6A-50B0-4EB8-935A-6CA633182049}.Debug|Any CPU.Build.0 = Debug|Any CPU
		{B2D7AC6A-50B0-4EB8-935A-6CA633182049}.Release|Any CPU.ActiveCfg = Release|Any CPU
		{B2D7AC6A-50B0-4EB8-935A-6CA633182049}.Release|Any CPU.Build.0 = Release|Any CPU
	EndGlobalSection
	GlobalSection(SolutionProperties) = preSolution
		HideSolutionNode = FALSE
	EndGlobalSection
	GlobalSection(ExtensibilityGlobals) = postSolution
		SolutionGuid = {47D1E4A3-2DF4-4014-B894-26132A5DE2B8}
	EndGlobalSection
EndGlobal
