
Microsoft Visual Studio Solution File, Format Version 12.00
# Visual Studio Version 17
VisualStudioVersion = 17.14.36915.13 d17.14
MinimumVisualStudioVersion = 10.0.40219.1
Project("{FAE04EC0-301F-11D3-BF4B-00C04F79EFBC}") = "CriandoAdicionandoList", "CriandoAdicionandoList\CriandoAdicionandoList.csproj", "{543E5FF2-2F0F-45EE-A63B-74C3AA0A1882}"
EndProject
Global
	GlobalSection(SolutionConfigurationPlatforms) = preSolution
		Debug|Any CPU = Debug|Any CPU
		Release|Any CPU = Release|Any CPU
	EndGlobalSection
	GlobalSection(ProjectConfigurationPlatforms) = postSolution
		{543E5FF2-2F0F-45EE-A63B-74C3AA0A1882}.Debug|Any CPU.ActiveCfg = Debug|Any CPU
		{543E5FF2-2F0F-45EE-A63B-74C3AA0A1882}.Debug|Any CPU.Build.0 = Debug|Any CPU
		{543E5FF2-2F0F-45EE-A63B-74C3AA0A1882}.Release|Any CPU.ActiveCfg = Release|Any CPU
		{543E5FF2-2F0F-45EE-A63B-74C3AA0A1882}.Release|Any CPU.Build.0 = Release|Any CPU
	EndGlobalSection
	GlobalSection(SolutionProperties) = preSolution
		HideSolutionNode = FALSE
	EndGlobalSection
	GlobalSection(ExtensibilityGlobals) = postSolution
		SolutionGuid = {BBD3C016-E1C0-4BFF-AA15-FFF6BE05340F}
	EndGlobalSection
EndGlobal
