
Microsoft Visual Studio Solution File, Format Version 12.00
# Visual Studio Version 17
VisualStudioVersion = 17.14.36915.13 d17.14
MinimumVisualStudioVersion = 10.0.40219.1
Project("{FAE04EC0-301F-11D3-BF4B-00C04F79EFBC}") = "ParametrosRefOut", "ParametrosRefOut\ParametrosRefOut.csproj", "{98DDCCF1-BA53-4537-BAA9-0783C4FDFBB5}"
EndProject
Global
	GlobalSection(SolutionConfigurationPlatforms) = preSolution
		Debug|Any CPU = Debug|Any CPU
		Release|Any CPU = Release|Any CPU
	EndGlobalSection
	GlobalSection(ProjectConfigurationPlatforms) = postSolution
		{98DDCCF1-BA53-4537-BAA9-0783C4FDFBB5}.Debug|Any CPU.ActiveCfg = Debug|Any CPU
		{98DDCCF1-BA53-4537-BAA9-0783C4FDFBB5}.Debug|Any CPU.Build.0 = Debug|Any CPU
		{98DDCCF1-BA53-4537-BAA9-0783C4FDFBB5}.Release|Any CPU.ActiveCfg = Release|Any CPU
		{98DDCCF1-BA53-4537-BAA9-0783C4FDFBB5}.Release|Any CPU.Build.0 = Release|Any CPU
	EndGlobalSection
	GlobalSection(SolutionProperties) = preSolution
		HideSolutionNode = FALSE
	EndGlobalSection
	GlobalSection(ExtensibilityGlobals) = postSolution
		SolutionGuid = {ED3D15A7-5AEF-4412-8082-269D63E69320}
	EndGlobalSection
EndGlobal
