
Microsoft Visual Studio Solution File, Format Version 12.00
# Visual Studio Version 17
VisualStudioVersion = 17.14.36915.13 d17.14
MinimumVisualStudioVersion = 10.0.40219.1
Project("{FAE04EC0-301F-11D3-BF4B-00C04F79EFBC}") = "ListaComObjetos", "ListaComObjetos\ListaComObjetos.csproj", "{8E8D0E2A-752A-4AF0-B970-BBBDB3362DA7}"
EndProject
Global
	GlobalSection(SolutionConfigurationPlatforms) = preSolution
		Debug|Any CPU = Debug|Any CPU
		Release|Any CPU = Release|Any CPU
	EndGlobalSection
	GlobalSection(ProjectConfigurationPlatforms) = postSolution
		{8E8D0E2A-752A-4AF0-B970-BBBDB3362DA7}.Debug|Any CPU.ActiveCfg = Debug|Any CPU
		{8E8D0E2A-752A-4AF0-B970-BBBDB3362DA7}.Debug|Any CPU.Build.0 = Debug|Any CPU
		{8E8D0E2A-752A-4AF0-B970-BBBDB3362DA7}.Release|Any CPU.ActiveCfg = Release|Any CPU
		{8E8D0E2A-752A-4AF0-B970-BBBDB3362DA7}.Release|Any CPU.Build.0 = Release|Any CPU
	EndGlobalSection
	GlobalSection(SolutionProperties) = preSolution
		HideSolutionNode = FALSE
	EndGlobalSection
	GlobalSection(ExtensibilityGlobals) = postSolution
		SolutionGuid = {63D0C7DB-104F-432E-91DE-E9569B74EA58}
	EndGlobalSection
EndGlobal
