
Microsoft Visual Studio Solution File, Format Version 12.00
# Visual Studio Version 17
VisualStudioVersion = 17.14.36915.13 d17.14
MinimumVisualStudioVersion = 10.0.40219.1
Project("{FAE04EC0-301F-11D3-BF4B-00C04F79EFBC}") = "SistemaDePagamento", "SistemaDePagamento\SistemaDePagamento.csproj", "{4F8819B4-00C2-4C1D-B3D9-6BADCC38E5CA}"
EndProject
Global
	GlobalSection(SolutionConfigurationPlatforms) = preSolution
		Debug|Any CPU = Debug|Any CPU
		Release|Any CPU = Release|Any CPU
	EndGlobalSection
	GlobalSection(ProjectConfigurationPlatforms) = postSolution
		{4F8819B4-00C2-4C1D-B3D9-6BADCC38E5CA}.Debug|Any CPU.ActiveCfg = Debug|Any CPU
		{4F8819B4-00C2-4C1D-B3D9-6BADCC38E5CA}.Debug|Any CPU.Build.0 = Debug|Any CPU
		{4F8819B4-00C2-4C1D-B3D9-6BADCC38E5CA}.Release|Any CPU.ActiveCfg = Release|Any CPU
		{4F8819B4-00C2-4C1D-B3D9-6BADCC38E5CA}.Release|Any CPU.Build.0 = Release|Any CPU
	EndGlobalSection
	GlobalSection(SolutionProperties) = preSolution
		HideSolutionNode = FALSE
	EndGlobalSection
	GlobalSection(ExtensibilityGlobals) = postSolution
		SolutionGuid = {839D8285-78A9-4346-AEF2-7C7BCAD83AB4}
	EndGlobalSection
EndGlobal
