
Microsoft Visual Studio Solution File, Format Version 12.00
# Visual Studio Version 17
VisualStudioVersion = 17.14.36915.13 d17.14
MinimumVisualStudioVersion = 10.0.40219.1
Project("{FAE04EC0-301F-11D3-BF4B-00C04F79EFBC}") = "GerenciarCapacidadeLists", "GerenciarCapacidadeLists\GerenciarCapacidadeLists.csproj", "{76AC30A9-F279-457E-BB26-5585F4D7DFF8}"
EndProject
Global
	GlobalSection(SolutionConfigurationPlatforms) = preSolution
		Debug|Any CPU = Debug|Any CPU
		Release|Any CPU = Release|Any CPU
	EndGlobalSection
	GlobalSection(ProjectConfigurationPlatforms) = postSolution
		{76AC30A9-F279-457E-BB26-5585F4D7DFF8}.Debug|Any CPU.ActiveCfg = Debug|Any CPU
		{76AC30A9-F279-457E-BB26-5585F4D7DFF8}.Debug|Any CPU.Build.0 = Debug|Any CPU
		{76AC30A9-F279-457E-BB26-5585F4D7DFF8}.Release|Any CPU.ActiveCfg = Release|Any CPU
		{76AC30A9-F279-457E-BB26-5585F4D7DFF8}.Release|Any CPU.Build.0 = Release|Any CPU
	EndGlobalSection
	GlobalSection(SolutionProperties) = preSolution
		HideSolutionNode = FALSE
	EndGlobalSection
	GlobalSection(ExtensibilityGlobals) = postSolution
		SolutionGuid = {124CD154-2E40-49A1-9C86-FD41288F5C50}
	EndGlobalSection
EndGlobal
