
Microsoft Visual Studio Solution File, Format Version 12.00
# Visual Studio Version 17
VisualStudioVersion = 17.14.36915.13 d17.14
MinimumVisualStudioVersion = 10.0.40219.1
Project("{FAE04EC0-301F-11D3-BF4B-00C04F79EFBC}") = "Pessoa", "Pessoa\Pessoa.csproj", "{8BFC2DBE-2749-434A-ABFF-54D0B0B668C8}"
EndProject
Global
	GlobalSection(SolutionConfigurationPlatforms) = preSolution
		Debug|Any CPU = Debug|Any CPU
		Release|Any CPU = Release|Any CPU
	EndGlobalSection
	GlobalSection(ProjectConfigurationPlatforms) = postSolution
		{8BFC2DBE-2749-434A-ABFF-54D0B0B668C8}.Debug|Any CPU.ActiveCfg = Debug|Any CPU
		{8BFC2DBE-2749-434A-ABFF-54D0B0B668C8}.Debug|Any CPU.Build.0 = Debug|Any CPU
		{8BFC2DBE-2749-434A-ABFF-54D0B0B668C8}.Release|Any CPU.ActiveCfg = Release|Any CPU
		{8BFC2DBE-2749-434A-ABFF-54D0B0B668C8}.Release|Any CPU.Build.0 = Release|Any CPU
	EndGlobalSection
	GlobalSection(SolutionProperties) = preSolution
		HideSolutionNode = FALSE
	EndGlobalSection
	GlobalSection(ExtensibilityGlobals) = postSolution
		SolutionGuid = {251D08D1-0FBF-480A-9FF2-64847399003F}
	EndGlobalSection
EndGlobal
