
Microsoft Visual Studio Solution File, Format Version 12.00
# Visual Studio Version 17
VisualStudioVersion = 17.14.36915.13 d17.14
MinimumVisualStudioVersion = 10.0.40219.1
Project("{FAE04EC0-301F-11D3-BF4B-00C04F79EFBC}") = "UsoDeTDD", "UsoDeTDD\UsoDeTDD.csproj", "{7D70C9DB-1B45-4AC6-8BA8-53D0DCBED61D}"
EndProject
Project("{FAE04EC0-301F-11D3-BF4B-00C04F79EFBC}") = "TDD", "TDD\TDD.csproj", "{5FDE4C16-DDCC-4D23-8455-801A25CE60B0}"
EndProject
Global
	GlobalSection(SolutionConfigurationPlatforms) = preSolution
		Debug|Any CPU = Debug|Any CPU
		Release|Any CPU = Release|Any CPU
	EndGlobalSection
	GlobalSection(ProjectConfigurationPlatforms) = postSolution
		{7D70C9DB-1B45-4AC6-8BA8-53D0DCBED61D}.Debug|Any CPU.ActiveCfg = Debug|Any CPU
		{7D70C9DB-1B45-4AC6-8BA8-53D0DCBED61D}.Debug|Any CPU.Build.0 = Debug|Any CPU
		{7D70C9DB-1B45-4AC6-8BA8-53D0DCBED61D}.Release|Any CPU.ActiveCfg = Release|Any CPU
		{7D70C9DB-1B45-4AC6-8BA8-53D0DCBED61D}.Release|Any CPU.Build.0 = Release|Any CPU
		{5FDE4C16-DDCC-4D23-8455-801A25CE60B0}.Debug|Any CPU.ActiveCfg = Debug|Any CPU
		{5FDE4C16-DDCC-4D23-8455-801A25CE60B0}.Debug|Any CPU.Build.0 = Debug|Any CPU
		{5FDE4C16-DDCC-4D23-8455-801A25CE60B0}.Release|Any CPU.ActiveCfg = Release|Any CPU
		{5FDE4C16-DDCC-4D23-8455-801A25CE60B0}.Release|Any CPU.Build.0 = Release|Any CPU
	EndGlobalSection
	GlobalSection(SolutionProperties) = preSolution
		HideSolutionNode = FALSE
	EndGlobalSection
	GlobalSection(ExtensibilityGlobals) = postSolution
		SolutionGuid = {3CAAAFE4-D8FA-47B9-8366-E7CBD4C1D514}
	EndGlobalSection
EndGlobal
