
Microsoft Visual Studio Solution File, Format Version 12.00
# Visual Studio Version 17
VisualStudioVersion = 17.14.36915.13 d17.14
MinimumVisualStudioVersion = 10.0.40219.1
Project("{FAE04EC0-301F-11D3-BF4B-00C04F79EFBC}") = "Heranca", "Heranca\Heranca.csproj", "{586A683D-EB85-4E37-A2D4-92553EC6C5C9}"
EndProject
Global
	GlobalSection(SolutionConfigurationPlatforms) = preSolution
		Debug|Any CPU = Debug|Any CPU
		Release|Any CPU = Release|Any CPU
	EndGlobalSection
	GlobalSection(ProjectConfigurationPlatforms) = postSolution
		{586A683D-EB85-4E37-A2D4-92553EC6C5C9}.Debug|Any CPU.ActiveCfg = Debug|Any CPU
		{586A683D-EB85-4E37-A2D4-92553EC6C5C9}.Debug|Any CPU.Build.0 = Debug|Any CPU
		{586A683D-EB85-4E37-A2D4-92553EC6C5C9}.Release|Any CPU.ActiveCfg = Release|Any CPU
		{586A683D-EB85-4E37-A2D4-92553EC6C5C9}.Release|Any CPU.Build.0 = Release|Any CPU
	EndGlobalSection
	GlobalSection(SolutionProperties) = preSolution
		HideSolutionNode = FALSE
	EndGlobalSection
	GlobalSection(ExtensibilityGlobals) = postSolution
		SolutionGuid = {CCF9067D-BE1C-4778-B02A-24F9F4A9E982}
	EndGlobalSection
EndGlobal
