
Microsoft Visual Studio Solution File, Format Version 12.00
# Visual Studio Version 17
VisualStudioVersion = 17.14.36915.13 d17.14
MinimumVisualStudioVersion = 10.0.40219.1
Project("{FAE04EC0-301F-11D3-BF4B-00C04F79EFBC}") = "LojaDeProdutos", "LojaDeProdutos\LojaDeProdutos.csproj", "{87515B3A-17AF-4FFB-A0BD-DD6E6FE61632}"
EndProject
Global
	GlobalSection(SolutionConfigurationPlatforms) = preSolution
		Debug|Any CPU = Debug|Any CPU
		Release|Any CPU = Release|Any CPU
	EndGlobalSection
	GlobalSection(ProjectConfigurationPlatforms) = postSolution
		{87515B3A-17AF-4FFB-A0BD-DD6E6FE61632}.Debug|Any CPU.ActiveCfg = Debug|Any CPU
		{87515B3A-17AF-4FFB-A0BD-DD6E6FE61632}.Debug|Any CPU.Build.0 = Debug|Any CPU
		{87515B3A-17AF-4FFB-A0BD-DD6E6FE61632}.Release|Any CPU.ActiveCfg = Release|Any CPU
		{87515B3A-17AF-4FFB-A0BD-DD6E6FE61632}.Release|Any CPU.Build.0 = Release|Any CPU
	EndGlobalSection
	GlobalSection(SolutionProperties) = preSolution
		HideSolutionNode = FALSE
	EndGlobalSection
	GlobalSection(ExtensibilityGlobals) = postSolution
		SolutionGuid = {344DD657-3498-433A-A49E-AF776CAFE52D}
	EndGlobalSection
EndGlobal
