
Microsoft Visual Studio Solution File, Format Version 12.00
# Visual Studio Version 17
VisualStudioVersion = 17.14.36915.13 d17.14
MinimumVisualStudioVersion = 10.0.40219.1
Project("{FAE04EC0-301F-11D3-BF4B-00C04F79EFBC}") = "ApiFuncionarios", "ApiFuncionarios\ApiFuncionarios.csproj", "{AAC07540-0E6A-4562-8AD4-E9B97155719C}"
EndProject
Global
	GlobalSection(SolutionConfigurationPlatforms) = preSolution
		Debug|Any CPU = Debug|Any CPU
		Release|Any CPU = Release|Any CPU
	EndGlobalSection
	GlobalSection(ProjectConfigurationPlatforms) = postSolution
		{AAC07540-0E6A-4562-8AD4-E9B97155719C}.Debug|Any CPU.ActiveCfg = Debug|Any CPU
		{AAC07540-0E6A-4562-8AD4-E9B97155719C}.Debug|Any CPU.Build.0 = Debug|Any CPU
		{AAC07540-0E6A-4562-8AD4-E9B97155719C}.Release|Any CPU.ActiveCfg = Release|Any CPU
		{AAC07540-0E6A-4562-8AD4-E9B97155719C}.Release|Any CPU.Build.0 = Release|Any CPU
	EndGlobalSection
	GlobalSection(SolutionProperties) = preSolution
		HideSolutionNode = FALSE
	EndGlobalSection
	GlobalSection(ExtensibilityGlobals) = postSolution
		SolutionGuid = {433E4C11-C785-4D3F-9129-555AD75F6678}
	EndGlobalSection
EndGlobal
