
Microsoft Visual Studio Solution File, Format Version 12.00
# Visual Studio Version 17
VisualStudioVersion = 17.14.36915.13 d17.14
MinimumVisualStudioVersion = 10.0.40219.1
Project("{FAE04EC0-301F-11D3-BF4B-00C04F79EFBC}") = "Pessoa", "Pessoa\Pessoa.csproj", "{71E3824B-354E-4EEF-8EF5-4A888CA98280}"
EndProject
Global
	GlobalSection(SolutionConfigurationPlatforms) = preSolution
		Debug|Any CPU = Debug|Any CPU
		Release|Any CPU = Release|Any CPU
	EndGlobalSection
	GlobalSection(ProjectConfigurationPlatforms) = postSolution
		{71E3824B-354E-4EEF-8EF5-4A888CA98280}.Debug|Any CPU.ActiveCfg = Debug|Any CPU
		{71E3824B-354E-4EEF-8EF5-4A888CA98280}.Debug|Any CPU.Build.0 = Debug|Any CPU
		{71E3824B-354E-4EEF-8EF5-4A888CA98280}.Release|Any CPU.ActiveCfg = Release|Any CPU
		{71E3824B-354E-4EEF-8EF5-4A888CA98280}.Release|Any CPU.Build.0 = Release|Any CPU
	EndGlobalSection
	GlobalSection(SolutionProperties) = preSolution
		HideSolutionNode = FALSE
	EndGlobalSection
	GlobalSection(ExtensibilityGlobals) = postSolution
		SolutionGuid = {516E83DE-C8BC-4B12-B404-BB5DB5A664AA}
	EndGlobalSection
EndGlobal
