
Microsoft Visual Studio Solution File, Format Version 12.00
# Visual Studio Version 17
VisualStudioVersion = 17.14.36915.13 d17.14
MinimumVisualStudioVersion = 10.0.40219.1
Project("{FAE04EC0-301F-11D3-BF4B-00C04F79EFBC}") = "MotorCalculoEstatistico", "MotorCalculoEstatistico\MotorCalculoEstatistico.csproj", "{E3829734-91C4-4F5B-88D0-E6E6488A295E}"
EndProject
Global
	GlobalSection(SolutionConfigurationPlatforms) = preSolution
		Debug|Any CPU = Debug|Any CPU
		Release|Any CPU = Release|Any CPU
	EndGlobalSection
	GlobalSection(ProjectConfigurationPlatforms) = postSolution
		{E3829734-91C4-4F5B-88D0-E6E6488A295E}.Debug|Any CPU.ActiveCfg = Debug|Any CPU
		{E3829734-91C4-4F5B-88D0-E6E6488A295E}.Debug|Any CPU.Build.0 = Debug|Any CPU
		{E3829734-91C4-4F5B-88D0-E6E6488A295E}.Release|Any CPU.ActiveCfg = Release|Any CPU
		{E3829734-91C4-4F5B-88D0-E6E6488A295E}.Release|Any CPU.Build.0 = Release|Any CPU
	EndGlobalSection
	GlobalSection(SolutionProperties) = preSolution
		HideSolutionNode = FALSE
	EndGlobalSection
	GlobalSection(ExtensibilityGlobals) = postSolution
		SolutionGuid = {7E3B21B7-6CD0-4D23-B7AD-DFE4D837E77E}
	EndGlobalSection
EndGlobal
