
Microsoft Visual Studio Solution File, Format Version 12.00
# Visual Studio Version 17
VisualStudioVersion = 17.14.36915.13 d17.14
MinimumVisualStudioVersion = 10.0.40219.1
Project("{FAE04EC0-301F-11D3-BF4B-00C04F79EFBC}") = "SistemaGestaoProjetos", "SistemaGestaoProjetos\SistemaGestaoProjetos.csproj", "{1C4728B5-D898-4499-8433-0E3E79B5FB67}"
EndProject
Global
	GlobalSection(SolutionConfigurationPlatforms) = preSolution
		Debug|Any CPU = Debug|Any CPU
		Release|Any CPU = Release|Any CPU
	EndGlobalSection
	GlobalSection(ProjectConfigurationPlatforms) = postSolution
		{1C4728B5-D898-4499-8433-0E3E79B5FB67}.Debug|Any CPU.ActiveCfg = Debug|Any CPU
		{1C4728B5-D898-4499-8433-0E3E79B5FB67}.Debug|Any CPU.Build.0 = Debug|Any CPU
		{1C4728B5-D898-4499-8433-0E3E79B5FB67}.Release|Any CPU.ActiveCfg = Release|Any CPU
		{1C4728B5-D898-4499-8433-0E3E79B5FB67}.Release|Any CPU.Build.0 = Release|Any CPU
	EndGlobalSection
	GlobalSection(SolutionProperties) = preSolution
		HideSolutionNode = FALSE
	EndGlobalSection
	GlobalSection(ExtensibilityGlobals) = postSolution
		SolutionGuid = {033467FB-67CB-444C-AF53-290F43BB4EA8}
	EndGlobalSection
EndGlobal
